schema: '2.0'
stages:
  data_ingestion:
    cmd: python src/cnnClassifier/pipeline/stage_01_data_ingestion.py
    deps:
    - path: config/config.yaml
      hash: md5
      md5: 606c5567b8117c15c3ed8e61fe92faf9
      size: 987
    - path: src/cnnClassifier/pipeline/stage_01_data_ingestion.py
      hash: md5
      md5: 80bf4498f65a358cb425ddbbb2f8683a
      size: 880
    outs:
    - path: artifacts/data_ingestion/Norpeat liveness dataset
      hash: md5
      md5: 1ad240ecec4310180ddd6304174228ca.dir
      size: 230402659
      nfiles: 3762
  prepare_base_model:
    cmd: python src/cnnClassifier/pipeline/stage_02_prepare_base_model.py
    deps:
    - path: config/config.yaml
      hash: md5
      md5: cd7f72a7ddf461e0852ad2ced2127aa9
      size: 982
    - path: src/cnnClassifier/pipeline/stage_02_prepare_base_model.py
      hash: md5
      md5: 0d8214830c3acc053160da3aa15c195b
      size: 966
    params:
      params.yaml:
        CLASSES: 1
        IMAGE_SIZE:
        - 224
        - 224
        - 3
        INCLUDE_TOP: false
        LEARNING_RATE: 0.01
        WEIGHTS: imagenet
    outs:
    - path: artifacts/prepare_base_model
      hash: md5
      md5: 19fd496257895ce8123a3575add68313.dir
      size: 117954208
      nfiles: 2
  training:
    cmd: python src/cnnClassifier/pipeline/stage_03_model_training.py
    deps:
    - path: artifacts/data_preprocessing
      hash: md5
      md5: 20298c3b8e0a3434531e3aa6cd9166a7.dir
      size: 1334230082
      nfiles: 4570
    - path: artifacts/prepare_base_model
      hash: md5
      md5: 19fd496257895ce8123a3575add68313.dir
      size: 117954208
      nfiles: 2
    - path: config/config.yaml
      hash: md5
      md5: cd7f72a7ddf461e0852ad2ced2127aa9
      size: 982
    - path: src/cnnClassifier/pipeline/stage_03_model_training.py
      hash: md5
      md5: 96dd0aa82b6f95b10a68c22cacf2ff64
      size: 893
    params:
      params.yaml:
        AUGMENTATION: false
        BATCH_SIZE: 16
        EPOCHS: 15
        IMAGE_SIZE:
        - 224
        - 224
        - 3
    outs:
    - path: artifacts/training/model.h5
      hash: md5
      md5: 42e099c1c8a1589b96d1e57e6ac89901
      size: 78019168
  evaluation:
    cmd: python src/cnnClassifier/pipeline/stage_04_model_evaluation.py
    deps:
    - path: artifacts/data_preprocessing
      hash: md5
      md5: 472743683e66f138b5d9561a0ac482cb.dir
      size: 1155226312
      nfiles: 3958
    - path: artifacts/training/model.h5
      hash: md5
      md5: e9f7f40894ef35f92d8fab9058af6a4b
      size: 59136816
    - path: config/config.yaml
      hash: md5
      md5: 1e9ab9c2313e140f6b4b72ed4f537fad
      size: 987
    - path: src/cnnClassifier/pipeline/stage_04_model_evaluation.py
      hash: md5
      md5: 27b0f625d17544d96f023e5cfe590515
      size: 964
    params:
      params.yaml:
        BATCH_SIZE: 16
        IMAGE_SIZE:
        - 224
        - 224
        - 3
    outs:
    - path: scores.json
      hash: md5
      md5: c259a60c814e370e708ddd799ce3e474
      size: 53
  data_preprocessing:
    cmd: python src/cnnClassifier/pipeline/stage_05_data_preprocessing.py
    deps:
    - path: artifacts/data_ingestion/Norpeat liveness dataset/fake
      hash: md5
      md5: be50e2058053cfda08b1a8ae7b7252b4.dir
      size: 117453813
      nfiles: 2345
    - path: artifacts/data_ingestion/Norpeat liveness dataset/real
      hash: md5
      md5: c8dffbb736e6dac598cd7d4c227f1cda.dir
      size: 156400457
      nfiles: 2224
    - path: config/config.yaml
      hash: md5
      md5: cd7f72a7ddf461e0852ad2ced2127aa9
      size: 982
    - path: src/cnnClassifier/pipeline/stage_05_data_preprocessing.py
      hash: md5
      md5: 93c64982f1e41f09377fdc976954aa41
      size: 891
    outs:
    - path: artifacts/data_preprocessing/fake
      hash: md5
      md5: 85b09f047033e5832f3c23fafebba4a0.dir
      size: 665043777
      nfiles: 2345
    - path: artifacts/data_preprocessing/real
      hash: md5
      md5: 92258d7684919ce6e05b8f6d4dc91cad.dir
      size: 668616292
      nfiles: 2224
