schema: '2.0'
stages:
  data_ingestion:
    cmd: python src/cnnClassifier/pipeline/stage_01_data_ingestion.py
    deps:
    - path: config/config.yaml
      hash: md5
      md5: 606c5567b8117c15c3ed8e61fe92faf9
      size: 987
    - path: src/cnnClassifier/pipeline/stage_01_data_ingestion.py
      hash: md5
      md5: 80bf4498f65a358cb425ddbbb2f8683a
      size: 880
    outs:
    - path: artifacts/data_ingestion/Norpeat liveness dataset
      hash: md5
      md5: 1ad240ecec4310180ddd6304174228ca.dir
      size: 230402659
      nfiles: 3762
  prepare_base_model:
    cmd: python src/cnnClassifier/pipeline/stage_02_prepare_base_model.py
    deps:
    - path: config/config.yaml
      hash: md5
      md5: cd7f72a7ddf461e0852ad2ced2127aa9
      size: 982
    - path: src/cnnClassifier/pipeline/stage_02_prepare_base_model.py
      hash: md5
      md5: 0d8214830c3acc053160da3aa15c195b
      size: 966
    params:
      params.yaml:
        CLASSES: 1
        IMAGE_SIZE:
        - 224
        - 224
        - 3
        INCLUDE_TOP: false
        LEARNING_RATE: 0.02
        WEIGHTS: imagenet
    outs:
    - path: artifacts/prepare_base_model
      hash: md5
      md5: 78e7576dd280878992c0857c9d246c4f.dir
      size: 117954208
      nfiles: 2
  training:
    cmd: python src/cnnClassifier/pipeline/stage_03_model_training.py
    deps:
    - path: artifacts/data_preprocessing
      hash: md5
      md5: fe476d620c7f12cde901c0382c312ef2.dir
      size: 833693407
      nfiles: 2830
    - path: artifacts/prepare_base_model
      hash: md5
      md5: 78e7576dd280878992c0857c9d246c4f.dir
      size: 117954208
      nfiles: 2
    - path: config/config.yaml
      hash: md5
      md5: cd7f72a7ddf461e0852ad2ced2127aa9
      size: 982
    - path: src/cnnClassifier/pipeline/stage_03_model_training.py
      hash: md5
      md5: 96dd0aa82b6f95b10a68c22cacf2ff64
      size: 893
    params:
      params.yaml:
        AUGMENTATION: false
        BATCH_SIZE: 16
        EPOCHS: 10
        IMAGE_SIZE:
        - 224
        - 224
        - 3
    outs:
    - path: artifacts/training/model.h5
      hash: md5
      md5: f64a9b8ebf38f8db3d7806d8009fc042
      size: 78019168
  evaluation:
    cmd: python src/cnnClassifier/pipeline/stage_04_model_evaluation.py
    deps:
    - path: artifacts/data_preprocessing
      hash: md5
      md5: fe476d620c7f12cde901c0382c312ef2.dir
      size: 833693407
      nfiles: 2830
    - path: artifacts/training/model.h5
      hash: md5
      md5: f64a9b8ebf38f8db3d7806d8009fc042
      size: 78019168
    - path: config/config.yaml
      hash: md5
      md5: cd7f72a7ddf461e0852ad2ced2127aa9
      size: 982
    - path: src/cnnClassifier/pipeline/stage_04_model_evaluation.py
      hash: md5
      md5: 27b0f625d17544d96f023e5cfe590515
      size: 964
    params:
      params.yaml:
        BATCH_SIZE: 16
        IMAGE_SIZE:
        - 224
        - 224
        - 3
    outs:
    - path: scores.json
      hash: md5
      md5: cdb81eed570ef246723f6f851e9fab3d
      size: 70
  data_preprocessing:
    cmd: python src/cnnClassifier/pipeline/stage_05_data_preprocessing.py
    deps:
    - path: artifacts/data_ingestion/Norpeat liveness dataset/fake
      hash: md5
      md5: db91342c292d624d2d3e4c623d83aa78.dir
      size: 75831974
      nfiles: 1418
    - path: artifacts/data_ingestion/Norpeat liveness dataset/real
      hash: md5
      md5: eac4236891ca49b28f7f4358ce70b32b.dir
      size: 103614153
      nfiles: 1412
    - path: config/config.yaml
      hash: md5
      md5: cd7f72a7ddf461e0852ad2ced2127aa9
      size: 982
    - path: src/cnnClassifier/pipeline/stage_05_data_preprocessing.py
      hash: md5
      md5: 93c64982f1e41f09377fdc976954aa41
      size: 891
    outs:
    - path: artifacts/data_preprocessing/fake
      hash: md5
      md5: 586bd2a9904a35b7c421389ce99ebc41.dir
      size: 406660648
      nfiles: 1418
    - path: artifacts/data_preprocessing/real
      hash: md5
      md5: 217c1271c71dc8499b4557b75f654e62.dir
      size: 427032759
      nfiles: 1412
